// !$*UTF8*$!
{
	archiveVersion = 1;
	classes = {
	};
	objectVersion = 50;
	objects = {

/* Begin PBXBuildFile section */
		5E16F42B232EA0EE003E77B3 /* NetworkUtility.swift in Sources */ = {isa = PBXBuildFile; fileRef = 5E16F429232EA0EE003E77B3 /* NetworkUtility.swift */; };
		5E16F42F232EA113003E77B3 /* PartnersResponseModel.swift in Sources */ = {isa = PBXBuildFile; fileRef = 5E16F42D232EA113003E77B3 /* PartnersResponseModel.swift */; };
		5E16F430232EA113003E77B3 /* PointsResponseModel.swift in Sources */ = {isa = PBXBuildFile; fileRef = 5E16F42E232EA113003E77B3 /* PointsResponseModel.swift */; };
		5E16F436232EA125003E77B3 /* NetworkError.swift in Sources */ = {isa = PBXBuildFile; fileRef = 5E16F431232EA125003E77B3 /* NetworkError.swift */; };
		5E16F437232EA125003E77B3 /* HttpMethod.swift in Sources */ = {isa = PBXBuildFile; fileRef = 5E16F432232EA125003E77B3 /* HttpMethod.swift */; };
		5E16F438232EA125003E77B3 /* NetworkRequest.swift in Sources */ = {isa = PBXBuildFile; fileRef = 5E16F433232EA125003E77B3 /* NetworkRequest.swift */; };
		5E16F439232EA125003E77B3 /* DepositResponse.swift in Sources */ = {isa = PBXBuildFile; fileRef = 5E16F434232EA125003E77B3 /* DepositResponse.swift */; };
		5E16F43C232EA19F003E77B3 /* DepositPoints.API.plist in Resources */ = {isa = PBXBuildFile; fileRef = 5E16F43B232EA19F003E77B3 /* DepositPoints.API.plist */; };
		5E16F440232EAE27003E77B3 /* DepositPointsAPIService.swift in Sources */ = {isa = PBXBuildFile; fileRef = 5E16F43F232EAE27003E77B3 /* DepositPointsAPIService.swift */; };
		5E16F442232F2556003E77B3 /* NetworkRequestFactory.swift in Sources */ = {isa = PBXBuildFile; fileRef = 5E16F441232F2556003E77B3 /* NetworkRequestFactory.swift */; };
		5E16F44A232FA8DF003E77B3 /* CurrencyResponseModel.swift in Sources */ = {isa = PBXBuildFile; fileRef = 5E16F447232FA8DF003E77B3 /* CurrencyResponseModel.swift */; };
		5E16F44B232FA8DF003E77B3 /* DailyLimitsResponseModel.swift in Sources */ = {isa = PBXBuildFile; fileRef = 5E16F448232FA8DF003E77B3 /* DailyLimitsResponseModel.swift */; };
		5E16F44C232FA8DF003E77B3 /* LimitsResponseModel.swift in Sources */ = {isa = PBXBuildFile; fileRef = 5E16F449232FA8DF003E77B3 /* LimitsResponseModel.swift */; };
		5E16F452232FCF76003E77B3 /* AppLocationManager.swift in Sources */ = {isa = PBXBuildFile; fileRef = 5E16F451232FCF76003E77B3 /* AppLocationManager.swift */; };
		5E16F45A232FF00B003E77B3 /* PointView.swift in Sources */ = {isa = PBXBuildFile; fileRef = 5E16F459232FF00B003E77B3 /* PointView.swift */; };
		5E16F46023300BA7003E77B3 /* UIColor.swift in Sources */ = {isa = PBXBuildFile; fileRef = 5E16F45F23300BA7003E77B3 /* UIColor.swift */; };
		5E16F46423300BD0003E77B3 /* ReusableView.swift in Sources */ = {isa = PBXBuildFile; fileRef = 5E16F46123300BD0003E77B3 /* ReusableView.swift */; };
		5E16F46523300BD0003E77B3 /* MKAnnotationView+Extension.swift in Sources */ = {isa = PBXBuildFile; fileRef = 5E16F46223300BD0003E77B3 /* MKAnnotationView+Extension.swift */; };
		5E16F46623300BD0003E77B3 /* MKMapView+Extension.swift in Sources */ = {isa = PBXBuildFile; fileRef = 5E16F46323300BD0003E77B3 /* MKMapView+Extension.swift */; };
		5E16F47D233016A2003E77B3 /* ImageService.swift in Sources */ = {isa = PBXBuildFile; fileRef = 5E16F473233016A2003E77B3 /* ImageService.swift */; };
		5E63B82023254C44006C675F /* AppDelegate.swift in Sources */ = {isa = PBXBuildFile; fileRef = 5E63B81F23254C44006C675F /* AppDelegate.swift */; };
		5E63B82223254C44006C675F /* DepositPointsViewController.swift in Sources */ = {isa = PBXBuildFile; fileRef = 5E63B82123254C44006C675F /* DepositPointsViewController.swift */; };
		5E63B82823254C44006C675F /* TinkoffPoints.xcdatamodeld in Sources */ = {isa = PBXBuildFile; fileRef = 5E63B82623254C44006C675F /* TinkoffPoints.xcdatamodeld */; };
		5E63B82A23254C46006C675F /* Assets.xcassets in Resources */ = {isa = PBXBuildFile; fileRef = 5E63B82923254C46006C675F /* Assets.xcassets */; };
		5E63B82D23254C46006C675F /* LaunchScreen.storyboard in Resources */ = {isa = PBXBuildFile; fileRef = 5E63B82B23254C46006C675F /* LaunchScreen.storyboard */; };
		5E63B85A23254FCB006C675F /* MapKit.framework in Frameworks */ = {isa = PBXBuildFile; fileRef = 5E63B85923254FCB006C675F /* MapKit.framework */; };
		5E63B85C232552BA006C675F /* AppRouter.swift in Sources */ = {isa = PBXBuildFile; fileRef = 5E63B85B232552BA006C675F /* AppRouter.swift */; };
		5E63B8602325531D006C675F /* AppPersistentContainer.swift in Sources */ = {isa = PBXBuildFile; fileRef = 5E63B85F2325531D006C675F /* AppPersistentContainer.swift */; };
		5E63B863232553FF006C675F /* DepositPointsViewModel.swift in Sources */ = {isa = PBXBuildFile; fileRef = 5E63B862232553FF006C675F /* DepositPointsViewModel.swift */; };
		5EA9F0102330976100927F5A /* DepositPointsUrlFactory.swift in Sources */ = {isa = PBXBuildFile; fileRef = 5EA9F00F2330976100927F5A /* DepositPointsUrlFactory.swift */; };
		5EA9F01323309EC600927F5A /* CacheUtility.swift in Sources */ = {isa = PBXBuildFile; fileRef = 5EA9F01223309EC600927F5A /* CacheUtility.swift */; };
		5EA9F0172330D25F00927F5A /* PointsWorker.swift in Sources */ = {isa = PBXBuildFile; fileRef = 5EA9F0162330D25F00927F5A /* PointsWorker.swift */; };
		5EA9F01A2330D2C200927F5A /* PersistentWorker.swift in Sources */ = {isa = PBXBuildFile; fileRef = 5EA9F0192330D2C200927F5A /* PersistentWorker.swift */; };
		5EA9F01C23321AC900927F5A /* PointDetailView.swift in Sources */ = {isa = PBXBuildFile; fileRef = 5EA9F01B23321AC900927F5A /* PointDetailView.swift */; };
		5EA9F04A23325C1B00927F5A /* PointAnnotation.swift in Sources */ = {isa = PBXBuildFile; fileRef = 5EA9F04923325C1B00927F5A /* PointAnnotation.swift */; };
		5EA9F04D23325C9900927F5A /* DepositPoint.swift in Sources */ = {isa = PBXBuildFile; fileRef = 5EA9F04C23325C9900927F5A /* DepositPoint.swift */; };
		5EA9F04F23325CAC00927F5A /* Partner.swift in Sources */ = {isa = PBXBuildFile; fileRef = 5EA9F04E23325CAC00927F5A /* Partner.swift */; };
		5EA9F0512332910A00927F5A /* Array+Extension.swift in Sources */ = {isa = PBXBuildFile; fileRef = 5EA9F0502332910A00927F5A /* Array+Extension.swift */; };
/* End PBXBuildFile section */

/* Begin PBXFileReference section */
		5E16F429232EA0EE003E77B3 /* NetworkUtility.swift */ = {isa = PBXFileReference; fileEncoding = 4; lastKnownFileType = sourcecode.swift; path = NetworkUtility.swift; sourceTree = "<group>"; };
		5E16F42D232EA113003E77B3 /* PartnersResponseModel.swift */ = {isa = PBXFileReference; fileEncoding = 4; lastKnownFileType = sourcecode.swift; path = PartnersResponseModel.swift; sourceTree = "<group>"; };
		5E16F42E232EA113003E77B3 /* PointsResponseModel.swift */ = {isa = PBXFileReference; fileEncoding = 4; lastKnownFileType = sourcecode.swift; path = PointsResponseModel.swift; sourceTree = "<group>"; };
		5E16F431232EA125003E77B3 /* NetworkError.swift */ = {isa = PBXFileReference; fileEncoding = 4; lastKnownFileType = sourcecode.swift; path = NetworkError.swift; sourceTree = "<group>"; };
		5E16F432232EA125003E77B3 /* HttpMethod.swift */ = {isa = PBXFileReference; fileEncoding = 4; lastKnownFileType = sourcecode.swift; path = HttpMethod.swift; sourceTree = "<group>"; };
		5E16F433232EA125003E77B3 /* NetworkRequest.swift */ = {isa = PBXFileReference; fileEncoding = 4; lastKnownFileType = sourcecode.swift; path = NetworkRequest.swift; sourceTree = "<group>"; };
		5E16F434232EA125003E77B3 /* DepositResponse.swift */ = {isa = PBXFileReference; fileEncoding = 4; lastKnownFileType = sourcecode.swift; path = DepositResponse.swift; sourceTree = "<group>"; };
		5E16F43B232EA19F003E77B3 /* DepositPoints.API.plist */ = {isa = PBXFileReference; fileEncoding = 4; lastKnownFileType = text.plist.xml; path = DepositPoints.API.plist; sourceTree = "<group>"; };
		5E16F43F232EAE27003E77B3 /* DepositPointsAPIService.swift */ = {isa = PBXFileReference; lastKnownFileType = sourcecode.swift; path = DepositPointsAPIService.swift; sourceTree = "<group>"; };
		5E16F441232F2556003E77B3 /* NetworkRequestFactory.swift */ = {isa = PBXFileReference; lastKnownFileType = sourcecode.swift; path = NetworkRequestFactory.swift; sourceTree = "<group>"; };
		5E16F447232FA8DF003E77B3 /* CurrencyResponseModel.swift */ = {isa = PBXFileReference; fileEncoding = 4; lastKnownFileType = sourcecode.swift; path = CurrencyResponseModel.swift; sourceTree = "<group>"; };
		5E16F448232FA8DF003E77B3 /* DailyLimitsResponseModel.swift */ = {isa = PBXFileReference; fileEncoding = 4; lastKnownFileType = sourcecode.swift; path = DailyLimitsResponseModel.swift; sourceTree = "<group>"; };
		5E16F449232FA8DF003E77B3 /* LimitsResponseModel.swift */ = {isa = PBXFileReference; fileEncoding = 4; lastKnownFileType = sourcecode.swift; path = LimitsResponseModel.swift; sourceTree = "<group>"; };
		5E16F451232FCF76003E77B3 /* AppLocationManager.swift */ = {isa = PBXFileReference; fileEncoding = 4; lastKnownFileType = sourcecode.swift; path = AppLocationManager.swift; sourceTree = "<group>"; };
		5E16F459232FF00B003E77B3 /* PointView.swift */ = {isa = PBXFileReference; lastKnownFileType = sourcecode.swift; path = PointView.swift; sourceTree = "<group>"; };
		5E16F45F23300BA7003E77B3 /* UIColor.swift */ = {isa = PBXFileReference; fileEncoding = 4; lastKnownFileType = sourcecode.swift; path = UIColor.swift; sourceTree = "<group>"; };
		5E16F46123300BD0003E77B3 /* ReusableView.swift */ = {isa = PBXFileReference; fileEncoding = 4; lastKnownFileType = sourcecode.swift; path = ReusableView.swift; sourceTree = "<group>"; };
		5E16F46223300BD0003E77B3 /* MKAnnotationView+Extension.swift */ = {isa = PBXFileReference; fileEncoding = 4; lastKnownFileType = sourcecode.swift; path = "MKAnnotationView+Extension.swift"; sourceTree = "<group>"; };
		5E16F46323300BD0003E77B3 /* MKMapView+Extension.swift */ = {isa = PBXFileReference; fileEncoding = 4; lastKnownFileType = sourcecode.swift; path = "MKMapView+Extension.swift"; sourceTree = "<group>"; };
		5E16F473233016A2003E77B3 /* ImageService.swift */ = {isa = PBXFileReference; fileEncoding = 4; lastKnownFileType = sourcecode.swift; path = ImageService.swift; sourceTree = "<group>"; };
		5E63B81C23254C44006C675F /* TinkoffPoints.app */ = {isa = PBXFileReference; explicitFileType = wrapper.application; includeInIndex = 0; path = TinkoffPoints.app; sourceTree = BUILT_PRODUCTS_DIR; };
		5E63B81F23254C44006C675F /* AppDelegate.swift */ = {isa = PBXFileReference; lastKnownFileType = sourcecode.swift; path = AppDelegate.swift; sourceTree = "<group>"; };
		5E63B82123254C44006C675F /* DepositPointsViewController.swift */ = {isa = PBXFileReference; lastKnownFileType = sourcecode.swift; path = DepositPointsViewController.swift; sourceTree = "<group>"; };
		5E63B82723254C44006C675F /* TinkoffPoints.xcdatamodel */ = {isa = PBXFileReference; lastKnownFileType = wrapper.xcdatamodel; path = TinkoffPoints.xcdatamodel; sourceTree = "<group>"; };
		5E63B82923254C46006C675F /* Assets.xcassets */ = {isa = PBXFileReference; lastKnownFileType = folder.assetcatalog; path = Assets.xcassets; sourceTree = "<group>"; };
		5E63B82C23254C46006C675F /* Base */ = {isa = PBXFileReference; lastKnownFileType = file.storyboard; name = Base; path = Base.lproj/LaunchScreen.storyboard; sourceTree = "<group>"; };
		5E63B82E23254C46006C675F /* Info.plist */ = {isa = PBXFileReference; lastKnownFileType = text.plist.xml; path = Info.plist; sourceTree = "<group>"; };
		5E63B85923254FCB006C675F /* MapKit.framework */ = {isa = PBXFileReference; lastKnownFileType = wrapper.framework; name = MapKit.framework; path = System/Library/Frameworks/MapKit.framework; sourceTree = SDKROOT; };
		5E63B85B232552BA006C675F /* AppRouter.swift */ = {isa = PBXFileReference; lastKnownFileType = sourcecode.swift; path = AppRouter.swift; sourceTree = "<group>"; };
		5E63B85F2325531D006C675F /* AppPersistentContainer.swift */ = {isa = PBXFileReference; lastKnownFileType = sourcecode.swift; path = AppPersistentContainer.swift; sourceTree = "<group>"; };
		5E63B862232553FF006C675F /* DepositPointsViewModel.swift */ = {isa = PBXFileReference; lastKnownFileType = sourcecode.swift; path = DepositPointsViewModel.swift; sourceTree = "<group>"; };
		5EA9F00F2330976100927F5A /* DepositPointsUrlFactory.swift */ = {isa = PBXFileReference; fileEncoding = 4; lastKnownFileType = sourcecode.swift; path = DepositPointsUrlFactory.swift; sourceTree = "<group>"; };
		5EA9F01223309EC600927F5A /* CacheUtility.swift */ = {isa = PBXFileReference; lastKnownFileType = sourcecode.swift; path = CacheUtility.swift; sourceTree = "<group>"; };
		5EA9F0162330D25F00927F5A /* PointsWorker.swift */ = {isa = PBXFileReference; lastKnownFileType = sourcecode.swift; path = PointsWorker.swift; sourceTree = "<group>"; };
		5EA9F0192330D2C200927F5A /* PersistentWorker.swift */ = {isa = PBXFileReference; lastKnownFileType = sourcecode.swift; path = PersistentWorker.swift; sourceTree = "<group>"; };
		5EA9F01B23321AC900927F5A /* PointDetailView.swift */ = {isa = PBXFileReference; fileEncoding = 4; lastKnownFileType = sourcecode.swift; path = PointDetailView.swift; sourceTree = "<group>"; };
		5EA9F04923325C1B00927F5A /* PointAnnotation.swift */ = {isa = PBXFileReference; fileEncoding = 4; lastKnownFileType = sourcecode.swift; path = PointAnnotation.swift; sourceTree = "<group>"; };
		5EA9F04C23325C9900927F5A /* DepositPoint.swift */ = {isa = PBXFileReference; lastKnownFileType = sourcecode.swift; path = DepositPoint.swift; sourceTree = "<group>"; };
		5EA9F04E23325CAC00927F5A /* Partner.swift */ = {isa = PBXFileReference; lastKnownFileType = sourcecode.swift; path = Partner.swift; sourceTree = "<group>"; };
		5EA9F0502332910A00927F5A /* Array+Extension.swift */ = {isa = PBXFileReference; fileEncoding = 4; lastKnownFileType = sourcecode.swift; path = "Array+Extension.swift"; sourceTree = "<group>"; };
/* End PBXFileReference section */

/* Begin PBXFrameworksBuildPhase section */
		5E63B81923254C44006C675F /* Frameworks */ = {
			isa = PBXFrameworksBuildPhase;
			buildActionMask = 2147483647;
			files = (
				5E63B85A23254FCB006C675F /* MapKit.framework in Frameworks */,
			);
			runOnlyForDeploymentPostprocessing = 0;
		};
/* End PBXFrameworksBuildPhase section */

/* Begin PBXGroup section */
		5E16F424232E9D4F003E77B3 /* Network */ = {
			isa = PBXGroup;
			children = (
				5E16F431232EA125003E77B3 /* NetworkError.swift */,
				5E16F432232EA125003E77B3 /* HttpMethod.swift */,
				5E16F433232EA125003E77B3 /* NetworkRequest.swift */,
				5E16F441232F2556003E77B3 /* NetworkRequestFactory.swift */,
				5E16F429232EA0EE003E77B3 /* NetworkUtility.swift */,
			);
			path = Network;
			sourceTree = "<group>";
		};
		5E16F425232E9D5E003E77B3 /* Services */ = {
			isa = PBXGroup;
			children = (
				5E16F467233016A2003E77B3 /* ImageService */,
				5E16F43D232EA893003E77B3 /* DepositPoints */,
			);
			path = Services;
			sourceTree = "<group>";
		};
		5E16F426232E9D6E003E77B3 /* Utilities */ = {
			isa = PBXGroup;
			children = (
				5E16F424232E9D4F003E77B3 /* Network */,
				5EA9F01123309E9500927F5A /* CacheUtility */,
			);
			path = Utilities;
			sourceTree = "<group>";
		};
		5E16F42C232EA113003E77B3 /* Models */ = {
			isa = PBXGroup;
			children = (
				5E16F434232EA125003E77B3 /* DepositResponse.swift */,
				5E16F42E232EA113003E77B3 /* PointsResponseModel.swift */,
				5E16F42D232EA113003E77B3 /* PartnersResponseModel.swift */,
				5E16F447232FA8DF003E77B3 /* CurrencyResponseModel.swift */,
				5E16F448232FA8DF003E77B3 /* DailyLimitsResponseModel.swift */,
				5E16F449232FA8DF003E77B3 /* LimitsResponseModel.swift */,
			);
			path = Models;
			sourceTree = "<group>";
		};
		5E16F43D232EA893003E77B3 /* DepositPoints */ = {
			isa = PBXGroup;
			children = (
				5E16F42C232EA113003E77B3 /* Models */,
				5E16F43F232EAE27003E77B3 /* DepositPointsAPIService.swift */,
				5EA9F00F2330976100927F5A /* DepositPointsUrlFactory.swift */,
				5E16F43B232EA19F003E77B3 /* DepositPoints.API.plist */,
			);
			path = DepositPoints;
			sourceTree = "<group>";
		};
		5E16F453232FD61D003E77B3 /* Views */ = {
			isa = PBXGroup;
			children = (
				5E16F459232FF00B003E77B3 /* PointView.swift */,
				5EA9F01B23321AC900927F5A /* PointDetailView.swift */,
			);
			path = Views;
			sourceTree = "<group>";
		};
		5E16F454232FD93B003E77B3 /* Presentable */ = {
			isa = PBXGroup;
			children = (
				5EA9F04923325C1B00927F5A /* PointAnnotation.swift */,
			);
			path = Presentable;
			sourceTree = "<group>";
		};
		5E16F45D23300B8D003E77B3 /* Extension */ = {
			isa = PBXGroup;
			children = (
				5EA9F0502332910A00927F5A /* Array+Extension.swift */,
				5E16F45E23300B96003E77B3 /* UI */,
			);
			path = Extension;
			sourceTree = "<group>";
		};
		5E16F45E23300B96003E77B3 /* UI */ = {
			isa = PBXGroup;
			children = (
				5E16F46123300BD0003E77B3 /* ReusableView.swift */,
				5E16F46323300BD0003E77B3 /* MKMapView+Extension.swift */,
				5E16F46223300BD0003E77B3 /* MKAnnotationView+Extension.swift */,
				5E16F45F23300BA7003E77B3 /* UIColor.swift */,
			);
			path = UI;
			sourceTree = "<group>";
		};
		5E16F467233016A2003E77B3 /* ImageService */ = {
			isa = PBXGroup;
			children = (
				5E16F473233016A2003E77B3 /* ImageService.swift */,
			);
			name = ImageService;
			path = TinkoffPoints/Services/ImageService;
			sourceTree = SOURCE_ROOT;
		};
		5E63B81323254C44006C675F = {
			isa = PBXGroup;
			children = (
				5E63B81E23254C44006C675F /* TinkoffPoints */,
				5E63B81D23254C44006C675F /* Products */,
				5E63B85823254FCB006C675F /* Frameworks */,
			);
			sourceTree = "<group>";
		};
		5E63B81D23254C44006C675F /* Products */ = {
			isa = PBXGroup;
			children = (
				5E63B81C23254C44006C675F /* TinkoffPoints.app */,
			);
			name = Products;
			sourceTree = "<group>";
		};
		5E63B81E23254C44006C675F /* TinkoffPoints */ = {
			isa = PBXGroup;
			children = (
				5E63B85D232552BF006C675F /* App */,
				5EA9F04B23325C4B00927F5A /* Entity */,
				5E63B85E232552CD006C675F /* Modules */,
				5EA9F0142330D23300927F5A /* Workers */,
				5E16F426232E9D6E003E77B3 /* Utilities */,
				5E16F425232E9D5E003E77B3 /* Services */,
				5E16F45D23300B8D003E77B3 /* Extension */,
				5E63B83423254CC4006C675F /* Support Files */,
			);
			path = TinkoffPoints;
			sourceTree = "<group>";
		};
		5E63B83423254CC4006C675F /* Support Files */ = {
			isa = PBXGroup;
			children = (
				5E63B82923254C46006C675F /* Assets.xcassets */,
				5E63B82E23254C46006C675F /* Info.plist */,
				5E63B82623254C44006C675F /* TinkoffPoints.xcdatamodeld */,
				5E63B82B23254C46006C675F /* LaunchScreen.storyboard */,
			);
			path = "Support Files";
			sourceTree = "<group>";
		};
		5E63B85823254FCB006C675F /* Frameworks */ = {
			isa = PBXGroup;
			children = (
				5E63B85923254FCB006C675F /* MapKit.framework */,
			);
			name = Frameworks;
			sourceTree = "<group>";
		};
		5E63B85D232552BF006C675F /* App */ = {
			isa = PBXGroup;
			children = (
				5E63B81F23254C44006C675F /* AppDelegate.swift */,
				5E63B85B232552BA006C675F /* AppRouter.swift */,
				5E63B85F2325531D006C675F /* AppPersistentContainer.swift */,
				5E16F451232FCF76003E77B3 /* AppLocationManager.swift */,
			);
			path = App;
			sourceTree = "<group>";
		};
		5E63B85E232552CD006C675F /* Modules */ = {
			isa = PBXGroup;
			children = (
				5E63B86123255394006C675F /* DepositPoints */,
			);
			path = Modules;
			sourceTree = "<group>";
		};
		5E63B86123255394006C675F /* DepositPoints */ = {
			isa = PBXGroup;
			children = (
				5E16F454232FD93B003E77B3 /* Presentable */,
				5E16F453232FD61D003E77B3 /* Views */,
				5E63B82123254C44006C675F /* DepositPointsViewController.swift */,
				5E63B862232553FF006C675F /* DepositPointsViewModel.swift */,
			);
			path = DepositPoints;
			sourceTree = "<group>";
		};
		5EA9F01123309E9500927F5A /* CacheUtility */ = {
			isa = PBXGroup;
			children = (
				5EA9F01223309EC600927F5A /* CacheUtility.swift */,
			);
			path = CacheUtility;
			sourceTree = "<group>";
		};
		5EA9F0142330D23300927F5A /* Workers */ = {
			isa = PBXGroup;
			children = (
				5EA9F0152330D24100927F5A /* PointsWorker */,
				5EA9F0182330D2A600927F5A /* PersistentWorker */,
			);
			path = Workers;
			sourceTree = "<group>";
		};
		5EA9F0152330D24100927F5A /* PointsWorker */ = {
			isa = PBXGroup;
			children = (
				5EA9F0162330D25F00927F5A /* PointsWorker.swift */,
			);
			path = PointsWorker;
			sourceTree = "<group>";
		};
		5EA9F0182330D2A600927F5A /* PersistentWorker */ = {
			isa = PBXGroup;
			children = (
				5EA9F025233238A500927F5A /* Model */,
				5EA9F0192330D2C200927F5A /* PersistentWorker.swift */,
			);
			path = PersistentWorker;
			sourceTree = "<group>";
		};
		5EA9F025233238A500927F5A /* Model */ = {
			isa = PBXGroup;
			children = (
			);
			path = Model;
			sourceTree = "<group>";
		};
		5EA9F04B23325C4B00927F5A /* Entity */ = {
			isa = PBXGroup;
			children = (
				5EA9F04C23325C9900927F5A /* DepositPoint.swift */,
				5EA9F04E23325CAC00927F5A /* Partner.swift */,
			);
			path = Entity;
			sourceTree = "<group>";
		};
/* End PBXGroup section */

/* Begin PBXNativeTarget section */
		5E63B81B23254C44006C675F /* TinkoffPoints */ = {
			isa = PBXNativeTarget;
			buildConfigurationList = 5E63B83123254C46006C675F /* Build configuration list for PBXNativeTarget "TinkoffPoints" */;
			buildPhases = (
				5E63B81823254C44006C675F /* Sources */,
				5E63B81923254C44006C675F /* Frameworks */,
				5E63B81A23254C44006C675F /* Resources */,
			);
			buildRules = (
			);
			dependencies = (
			);
			name = TinkoffPoints;
			productName = TinkoffPoints;
			productReference = 5E63B81C23254C44006C675F /* TinkoffPoints.app */;
			productType = "com.apple.product-type.application";
		};
/* End PBXNativeTarget section */

/* Begin PBXProject section */
		5E63B81423254C44006C675F /* Project object */ = {
			isa = PBXProject;
			attributes = {
				LastSwiftUpdateCheck = 1030;
				LastUpgradeCheck = 1030;
				ORGANIZATIONNAME = magrus87;
				TargetAttributes = {
					5E63B81B23254C44006C675F = {
						CreatedOnToolsVersion = 10.3;
					};
				};
			};
			buildConfigurationList = 5E63B81723254C44006C675F /* Build configuration list for PBXProject "TinkoffPoints" */;
			compatibilityVersion = "Xcode 9.3";
			developmentRegion = en;
			hasScannedForEncodings = 0;
			knownRegions = (
				en,
				Base,
			);
			mainGroup = 5E63B81323254C44006C675F;
			productRefGroup = 5E63B81D23254C44006C675F /* Products */;
			projectDirPath = "";
			projectRoot = "";
			targets = (
				5E63B81B23254C44006C675F /* TinkoffPoints */,
			);
		};
/* End PBXProject section */

/* Begin PBXResourcesBuildPhase section */
		5E63B81A23254C44006C675F /* Resources */ = {
			isa = PBXResourcesBuildPhase;
			buildActionMask = 2147483647;
			files = (
				5E16F43C232EA19F003E77B3 /* DepositPoints.API.plist in Resources */,
				5E63B82D23254C46006C675F /* LaunchScreen.storyboard in Resources */,
				5E63B82A23254C46006C675F /* Assets.xcassets in Resources */,
			);
			runOnlyForDeploymentPostprocessing = 0;
		};
/* End PBXResourcesBuildPhase section */

/* Begin PBXSourcesBuildPhase section */
		5E63B81823254C44006C675F /* Sources */ = {
			isa = PBXSourcesBuildPhase;
			buildActionMask = 2147483647;
			files = (
				5E16F44C232FA8DF003E77B3 /* LimitsResponseModel.swift in Sources */,
				5EA9F04F23325CAC00927F5A /* Partner.swift in Sources */,
				5E16F442232F2556003E77B3 /* NetworkRequestFactory.swift in Sources */,
				5E63B85C232552BA006C675F /* AppRouter.swift in Sources */,
				5E16F452232FCF76003E77B3 /* AppLocationManager.swift in Sources */,
				5E63B82223254C44006C675F /* DepositPointsViewController.swift in Sources */,
				5E16F439232EA125003E77B3 /* DepositResponse.swift in Sources */,
				5E16F45A232FF00B003E77B3 /* PointView.swift in Sources */,
				5EA9F01A2330D2C200927F5A /* PersistentWorker.swift in Sources */,
				5EA9F0512332910A00927F5A /* Array+Extension.swift in Sources */,
				5E16F42F232EA113003E77B3 /* PartnersResponseModel.swift in Sources */,
				5EA9F04A23325C1B00927F5A /* PointAnnotation.swift in Sources */,
				5E63B82023254C44006C675F /* AppDelegate.swift in Sources */,
				5E16F437232EA125003E77B3 /* HttpMethod.swift in Sources */,
				5E16F46423300BD0003E77B3 /* ReusableView.swift in Sources */,
				5E63B8602325531D006C675F /* AppPersistentContainer.swift in Sources */,
				5E63B863232553FF006C675F /* DepositPointsViewModel.swift in Sources */,
				5EA9F0172330D25F00927F5A /* PointsWorker.swift in Sources */,
				5EA9F04D23325C9900927F5A /* DepositPoint.swift in Sources */,
				5E16F46523300BD0003E77B3 /* MKAnnotationView+Extension.swift in Sources */,
				5E16F46023300BA7003E77B3 /* UIColor.swift in Sources */,
				5E16F47D233016A2003E77B3 /* ImageService.swift in Sources */,
				5E16F440232EAE27003E77B3 /* DepositPointsAPIService.swift in Sources */,
				5E16F430232EA113003E77B3 /* PointsResponseModel.swift in Sources */,
				5E16F46623300BD0003E77B3 /* MKMapView+Extension.swift in Sources */,
				5E16F438232EA125003E77B3 /* NetworkRequest.swift in Sources */,
				5EA9F0102330976100927F5A /* DepositPointsUrlFactory.swift in Sources */,
				5E16F42B232EA0EE003E77B3 /* NetworkUtility.swift in Sources */,
				5E16F44A232FA8DF003E77B3 /* CurrencyResponseModel.swift in Sources */,
				5E63B82823254C44006C675F /* TinkoffPoints.xcdatamodeld in Sources */,
				5EA9F01323309EC600927F5A /* CacheUtility.swift in Sources */,
				5EA9F01C23321AC900927F5A /* PointDetailView.swift in Sources */,
				5E16F44B232FA8DF003E77B3 /* DailyLimitsResponseModel.swift in Sources */,
				5E16F436232EA125003E77B3 /* NetworkError.swift in Sources */,
			);
			runOnlyForDeploymentPostprocessing = 0;
		};
/* End PBXSourcesBuildPhase section */

/* Begin PBXVariantGroup section */
		5E63B82B23254C46006C675F /* LaunchScreen.storyboard */ = {
			isa = PBXVariantGroup;
			children = (
				5E63B82C23254C46006C675F /* Base */,
			);
			name = LaunchScreen.storyboard;
			sourceTree = "<group>";
		};
/* End PBXVariantGroup section */

/* Begin XCBuildConfiguration section */
		5E63B82F23254C46006C675F /* Debug */ = {
			isa = XCBuildConfiguration;
			buildSettings = {
				ALWAYS_SEARCH_USER_PATHS = NO;
				CLANG_ANALYZER_NONNULL = YES;
				CLANG_ANALYZER_NUMBER_OBJECT_CONVERSION = YES_AGGRESSIVE;
				CLANG_CXX_LANGUAGE_STANDARD = "gnu++14";
				CLANG_CXX_LIBRARY = "libc++";
				CLANG_ENABLE_MODULES = YES;
				CLANG_ENABLE_OBJC_ARC = YES;
				CLANG_ENABLE_OBJC_WEAK = YES;
				CLANG_WARN_BLOCK_CAPTURE_AUTORELEASING = YES;
				CLANG_WARN_BOOL_CONVERSION = YES;
				CLANG_WARN_COMMA = YES;
				CLANG_WARN_CONSTANT_CONVERSION = YES;
				CLANG_WARN_DEPRECATED_OBJC_IMPLEMENTATIONS = YES;
				CLANG_WARN_DIRECT_OBJC_ISA_USAGE = YES_ERROR;
				CLANG_WARN_DOCUMENTATION_COMMENTS = YES;
				CLANG_WARN_EMPTY_BODY = YES;
				CLANG_WARN_ENUM_CONVERSION = YES;
				CLANG_WARN_INFINITE_RECURSION = YES;
				CLANG_WARN_INT_CONVERSION = YES;
				CLANG_WARN_NON_LITERAL_NULL_CONVERSION = YES;
				CLANG_WARN_OBJC_IMPLICIT_RETAIN_SELF = YES;
				CLANG_WARN_OBJC_LITERAL_CONVERSION = YES;
				CLANG_WARN_OBJC_ROOT_CLASS = YES_ERROR;
				CLANG_WARN_RANGE_LOOP_ANALYSIS = YES;
				CLANG_WARN_STRICT_PROTOTYPES = YES;
				CLANG_WARN_SUSPICIOUS_MOVE = YES;
				CLANG_WARN_UNGUARDED_AVAILABILITY = YES_AGGRESSIVE;
				CLANG_WARN_UNREACHABLE_CODE = YES;
				CLANG_WARN__DUPLICATE_METHOD_MATCH = YES;
				CODE_SIGN_IDENTITY = "iPhone Developer";
				COPY_PHASE_STRIP = NO;
				DEBUG_INFORMATION_FORMAT = dwarf;
				ENABLE_STRICT_OBJC_MSGSEND = YES;
				ENABLE_TESTABILITY = YES;
				GCC_C_LANGUAGE_STANDARD = gnu11;
				GCC_DYNAMIC_NO_PIC = NO;
				GCC_NO_COMMON_BLOCKS = YES;
				GCC_OPTIMIZATION_LEVEL = 0;
				GCC_PREPROCESSOR_DEFINITIONS = (
					"DEBUG=1",
					"$(inherited)",
				);
				GCC_WARN_64_TO_32_BIT_CONVERSION = YES;
				GCC_WARN_ABOUT_RETURN_TYPE = YES_ERROR;
				GCC_WARN_UNDECLARED_SELECTOR = YES;
				GCC_WARN_UNINITIALIZED_AUTOS = YES_AGGRESSIVE;
				GCC_WARN_UNUSED_FUNCTION = YES;
				GCC_WARN_UNUSED_VARIABLE = YES;
				IPHONEOS_DEPLOYMENT_TARGET = 12.4;
				MTL_ENABLE_DEBUG_INFO = INCLUDE_SOURCE;
				MTL_FAST_MATH = YES;
				ONLY_ACTIVE_ARCH = YES;
				SDKROOT = iphoneos;
				SWIFT_ACTIVE_COMPILATION_CONDITIONS = DEBUG;
				SWIFT_OPTIMIZATION_LEVEL = "-Onone";
			};
			name = Debug;
		};
		5E63B83023254C46006C675F /* Release */ = {
			isa = XCBuildConfiguration;
			buildSettings = {
				ALWAYS_SEARCH_USER_PATHS = NO;
				CLANG_ANALYZER_NONNULL = YES;
				CLANG_ANALYZER_NUMBER_OBJECT_CONVERSION = YES_AGGRESSIVE;
				CLANG_CXX_LANGUAGE_STANDARD = "gnu++14";
				CLANG_CXX_LIBRARY = "libc++";
				CLANG_ENABLE_MODULES = YES;
				CLANG_ENABLE_OBJC_ARC = YES;
				CLANG_ENABLE_OBJC_WEAK = YES;
				CLANG_WARN_BLOCK_CAPTURE_AUTORELEASING = YES;
				CLANG_WARN_BOOL_CONVERSION = YES;
				CLANG_WARN_COMMA = YES;
				CLANG_WARN_CONSTANT_CONVERSION = YES;
				CLANG_WARN_DEPRECATED_OBJC_IMPLEMENTATIONS = YES;
				CLANG_WARN_DIRECT_OBJC_ISA_USAGE = YES_ERROR;
				CLANG_WARN_DOCUMENTATION_COMMENTS = YES;
				CLANG_WARN_EMPTY_BODY = YES;
				CLANG_WARN_ENUM_CONVERSION = YES;
				CLANG_WARN_INFINITE_RECURSION = YES;
				CLANG_WARN_INT_CONVERSION = YES;
				CLANG_WARN_NON_LITERAL_NULL_CONVERSION = YES;
				CLANG_WARN_OBJC_IMPLICIT_RETAIN_SELF = YES;
				CLANG_WARN_OBJC_LITERAL_CONVERSION = YES;
				CLANG_WARN_OBJC_ROOT_CLASS = YES_ERROR;
				CLANG_WARN_RANGE_LOOP_ANALYSIS = YES;
				CLANG_WARN_STRICT_PROTOTYPES = YES;
				CLANG_WARN_SUSPICIOUS_MOVE = YES;
				CLANG_WARN_UNGUARDED_AVAILABILITY = YES_AGGRESSIVE;
				CLANG_WARN_UNREACHABLE_CODE = YES;
				CLANG_WARN__DUPLICATE_METHOD_MATCH = YES;
				CODE_SIGN_IDENTITY = "iPhone Developer";
				COPY_PHASE_STRIP = NO;
				DEBUG_INFORMATION_FORMAT = "dwarf-with-dsym";
				ENABLE_NS_ASSERTIONS = NO;
				ENABLE_STRICT_OBJC_MSGSEND = YES;
				GCC_C_LANGUAGE_STANDARD = gnu11;
				GCC_NO_COMMON_BLOCKS = YES;
				GCC_WARN_64_TO_32_BIT_CONVERSION = YES;
				GCC_WARN_ABOUT_RETURN_TYPE = YES_ERROR;
				GCC_WARN_UNDECLARED_SELECTOR = YES;
				GCC_WARN_UNINITIALIZED_AUTOS = YES_AGGRESSIVE;
				GCC_WARN_UNUSED_FUNCTION = YES;
				GCC_WARN_UNUSED_VARIABLE = YES;
				IPHONEOS_DEPLOYMENT_TARGET = 12.4;
				MTL_ENABLE_DEBUG_INFO = NO;
				MTL_FAST_MATH = YES;
				SDKROOT = iphoneos;
				SWIFT_COMPILATION_MODE = wholemodule;
				SWIFT_OPTIMIZATION_LEVEL = "-O";
				VALIDATE_PRODUCT = YES;
			};
			name = Release;
		};
		5E63B83223254C46006C675F /* Debug */ = {
			isa = XCBuildConfiguration;
			buildSettings = {
				ASSETCATALOG_COMPILER_APPICON_NAME = AppIcon;
				ASSETCATALOG_COMPILER_LAUNCHIMAGE_NAME = "LaunchImage-2";
				CODE_SIGN_STYLE = Automatic;
				INFOPLIST_FILE = "$(SRCROOT)/TinkoffPoints/Support Files/Info.plist";
				LD_RUNPATH_SEARCH_PATHS = (
					"$(inherited)",
					"@executable_path/Frameworks",
				);
				PRODUCT_BUNDLE_IDENTIFIER = magrus87.TinkoffPoints;
				PRODUCT_NAME = "$(TARGET_NAME)";
				SWIFT_VERSION = 5.0;
				TARGETED_DEVICE_FAMILY = "1,2";
			};
			name = Debug;
		};
		5E63B83323254C46006C675F /* Release */ = {
			isa = XCBuildConfiguration;
			buildSettings = {
				ASSETCATALOG_COMPILER_APPICON_NAME = AppIcon;
				ASSETCATALOG_COMPILER_LAUNCHIMAGE_NAME = "LaunchImage-2";
				CODE_SIGN_STYLE = Automatic;
				INFOPLIST_FILE = "$(SRCROOT)/TinkoffPoints/Support Files/Info.plist";
				LD_RUNPATH_SEARCH_PATHS = (
					"$(inherited)",
					"@executable_path/Frameworks",
				);
				PRODUCT_BUNDLE_IDENTIFIER = magrus87.TinkoffPoints;
				PRODUCT_NAME = "$(TARGET_NAME)";
				SWIFT_VERSION = 5.0;
				TARGETED_DEVICE_FAMILY = "1,2";
			};
			name = Release;
		};
/* End XCBuildConfiguration section */

/* Begin XCConfigurationList section */
		5E63B81723254C44006C675F /* Build configuration list for PBXProject "TinkoffPoints" */ = {
			isa = XCConfigurationList;
			buildConfigurations = (
				5E63B82F23254C46006C675F /* Debug */,
				5E63B83023254C46006C675F /* Release */,
			);
			defaultConfigurationIsVisible = 0;
			defaultConfigurationName = Release;
		};
		5E63B83123254C46006C675F /* Build configuration list for PBXNativeTarget "TinkoffPoints" */ = {
			isa = XCConfigurationList;
			buildConfigurations = (
				5E63B83223254C46006C675F /* Debug */,
				5E63B83323254C46006C675F /* Release */,
			);
			defaultConfigurationIsVisible = 0;
			defaultConfigurationName = Release;
		};
/* End XCConfigurationList section */

/* Begin XCVersionGroup section */
		5E63B82623254C44006C675F /* TinkoffPoints.xcdatamodeld */ = {
			isa = XCVersionGroup;
			children = (
				5E63B82723254C44006C675F /* TinkoffPoints.xcdatamodel */,
			);
			currentVersion = 5E63B82723254C44006C675F /* TinkoffPoints.xcdatamodel */;
			path = TinkoffPoints.xcdatamodeld;
			sourceTree = "<group>";
			versionGroupType = wrapper.xcdatamodel;
		};
/* End XCVersionGroup section */
	};
	rootObject = 5E63B81423254C44006C675F /* Project object */;
}
